
Microsoft Visual Studio Solution File, Format Version 12.00
# Visual Studio Version 16
VisualStudioVersion = 16.0.33927.289
MinimumVisualStudioVersion = 10.0.40219.1
Project("{FAE04EC0-301F-11D3-BF4B-00C04F79EFBC}") = "Wesktop (.NET Framework 4.7.2)", "Wesktop (.NET Framework 4.7.2)\Wesktop (.NET Framework 4.7.2).csproj", "{5C104379-E483-41A0-A37A-D3B30C129C13}"
EndProject
Global
	GlobalSection(SolutionConfigurationPlatforms) = preSolution
		Debug|Any CPU = Debug|Any CPU
		Release|Any CPU = Release|Any CPU
	EndGlobalSection
	GlobalSection(ProjectConfigurationPlatforms) = postSolution
		{5C104379-E483-41A0-A37A-D3B30C129C13}.Debug|Any CPU.ActiveCfg = Debug|Any CPU
		{5C104379-E483-41A0-A37A-D3B30C129C13}.Debug|Any CPU.Build.0 = Debug|Any CPU
		{5C104379-E483-41A0-A37A-D3B30C129C13}.Release|Any CPU.ActiveCfg = Release|Any CPU
		{5C104379-E483-41A0-A37A-D3B30C129C13}.Release|Any CPU.Build.0 = Release|Any CPU
	EndGlobalSection
	GlobalSection(SolutionProperties) = preSolution
		HideSolutionNode = FALSE
	EndGlobalSection
	GlobalSection(ExtensibilityGlobals) = postSolution
		SolutionGuid = {2B4761CC-3D43-41F4-B2C5-C14A0F088DFF}
	EndGlobalSection
EndGlobal
